
Microsoft Visual Studio Solution File, Format Version 12.00
# Visual Studio Version 17
VisualStudioVersion = 17.8.34511.84
MinimumVisualStudioVersion = 10.0.40219.1
Project("{888888A0-9F3D-457C-B088-3A5042F75D52}") = "Olimpiad", "Olimpiad\Olimpiad.pyproj", "{7E9B7943-9744-431A-B140-C88F73937FA2}"
EndProject
Global
	GlobalSection(SolutionConfigurationPlatforms) = preSolution
		Debug|Any CPU = Debug|Any CPU
		Release|Any CPU = Release|Any CPU
	EndGlobalSection
	GlobalSection(ProjectConfigurationPlatforms) = postSolution
		{7E9B7943-9744-431A-B140-C88F73937FA2}.Debug|Any CPU.ActiveCfg = Debug|Any CPU
		{7E9B7943-9744-431A-B140-C88F73937FA2}.Release|Any CPU.ActiveCfg = Release|Any CPU
	EndGlobalSection
	GlobalSection(SolutionProperties) = preSolution
		HideSolutionNode = FALSE
	EndGlobalSection
	GlobalSection(ExtensibilityGlobals) = postSolution
		SolutionGuid = {F2F984BF-CCF6-4D5D-8217-A3AD2F1CB38C}
	EndGlobalSection
EndGlobal
